<?xml version="1.0" encoding="UTF-8"?>
<CONFIG>
  <ProjectOptions>
    <Version Value="11"/>
    <General>
      <Flags>
        <MainUnitHasCreateFormStatements Value="False"/>
        <MainUnitHasTitleStatement Value="False"/>
        <MainUnitHasScaledStatement Value="False"/>
      </Flags>
      <SessionStorage Value="InProjectDir"/>
      <MainUnit Value="0"/>
      <Title Value="iscbase"/>
      <UseAppBundle Value="False"/>
      <ResourceType Value="res"/>
    </General>
    <BuildModes Count="1">
      <Item1 Name="Default" Default="True"/>
    </BuildModes>
    <PublishOptions>
      <Version Value="2"/>
      <UseFileFilters Value="True"/>
    </PublishOptions>
    <RunParams>
      <FormatVersion Value="2"/>
      <Modes Count="0"/>
    </RunParams>
    <Units Count="34">
      <Unit0>
        <Filename Value="iscbase.lpr"/>
        <IsPartOfProject Value="True"/>
      </Unit0>
      <Unit1>
        <Filename Value="test/testutf8.pas"/>
        <IsPartOfProject Value="True"/>
        <UnitName Value="testUTF8"/>
      </Unit1>
      <Unit2>
        <Filename Value="test/testgeneric.pas"/>
        <IsPartOfProject Value="True"/>
        <UnitName Value="testGeneric"/>
      </Unit2>
      <Unit3>
        <Filename Value="test/testthread.pas"/>
        <IsPartOfProject Value="True"/>
      </Unit3>
      <Unit4>
        <Filename Value="iscbase/ISCUTF8Helper.pas"/>
        <IsPartOfProject Value="True"/>
      </Unit4>
      <Unit5>
        <Filename Value="iscbase/ISCGeneric.pas"/>
        <IsPartOfProject Value="True"/>
      </Unit5>
      <Unit6>
        <Filename Value="iscbase/ISCThread.pas"/>
        <IsPartOfProject Value="True"/>
      </Unit6>
      <Unit7>
        <Filename Value="iscbase/ISCHttp.pas"/>
        <IsPartOfProject Value="True"/>
      </Unit7>
      <Unit8>
        <Filename Value="iscbase/ISCJSON.pas"/>
        <IsPartOfProject Value="True"/>
      </Unit8>
      <Unit9>
        <Filename Value="iscbase/ISCYaml.pas"/>
        <IsPartOfProject Value="True"/>
      </Unit9>
      <Unit10>
        <Filename Value="iscbase/ISCStringUtil.pas"/>
        <IsPartOfProject Value="True"/>
      </Unit10>
      <Unit11>
        <Filename Value="iscbase/ISCConsts.pas"/>
        <IsPartOfProject Value="True"/>
      </Unit11>
      <Unit12>
        <Filename Value="iscbase/ISCLogger.pas"/>
        <IsPartOfProject Value="True"/>
      </Unit12>
      <Unit13>
        <Filename Value="test/testjson.pas"/>
        <IsPartOfProject Value="True"/>
        <UnitName Value="testJson"/>
      </Unit13>
      <Unit14>
        <Filename Value="test/testyaml.pas"/>
        <IsPartOfProject Value="True"/>
      </Unit14>
      <Unit15>
        <Filename Value="iscbase/database/dbc/ZDbcConnection.pas"/>
        <IsPartOfProject Value="True"/>
      </Unit15>
      <Unit16>
        <Filename Value="iscbase/database/core/ZClasses.pas"/>
        <IsPartOfProject Value="True"/>
      </Unit16>
      <Unit17>
        <Filename Value="test/testdatabase.pas"/>
        <IsPartOfProject Value="True"/>
      </Unit17>
      <Unit18>
        <Filename Value="iscbase/database/component/ZConnection.pas"/>
        <IsPartOfProject Value="True"/>
      </Unit18>
      <Unit19>
        <Filename Value="iscbase/network/pingsend.pas"/>
        <IsPartOfProject Value="True"/>
      </Unit19>
      <Unit20>
        <Filename Value="test/testnetwork.pas"/>
        <IsPartOfProject Value="True"/>
        <UnitName Value="testNetwork"/>
      </Unit20>
      <Unit21>
        <Filename Value="test/testscript.pas"/>
        <IsPartOfProject Value="True"/>
      </Unit21>
      <Unit22>
        <Filename Value="iscbase/script/uPSComponent.pas"/>
        <IsPartOfProject Value="True"/>
      </Unit22>
      <Unit23>
        <Filename Value="iscbase/coroutine/ISCCoroutine.pas"/>
        <IsPartOfProject Value="True"/>
      </Unit23>
      <Unit24>
        <Filename Value="test/testcoroutine.pas"/>
        <IsPartOfProject Value="True"/>
        <UnitName Value="testCoroutine"/>
      </Unit24>
      <Unit25>
        <Filename Value="iscbase/coroutine/ISCCoroutineFunctional.pas"/>
        <IsPartOfProject Value="True"/>
      </Unit25>
      <Unit26>
        <Filename Value="iscbase/websocket/ISCWebSocketClient.pas"/>
        <IsPartOfProject Value="True"/>
      </Unit26>
      <Unit27>
        <Filename Value="iscbase/websocket/ISCWebSocketServer.pas"/>
        <IsPartOfProject Value="True"/>
      </Unit27>
      <Unit28>
        <Filename Value="iscbase/websocket/ISCWSMessages.pas"/>
        <IsPartOfProject Value="True"/>
      </Unit28>
      <Unit29>
        <Filename Value="iscbase/websocket/ISCWSStream.pas"/>
        <IsPartOfProject Value="True"/>
      </Unit29>
      <Unit30>
        <Filename Value="iscbase/websocket/ISCWSUtils.pas"/>
        <IsPartOfProject Value="True"/>
      </Unit30>
      <Unit31>
        <Filename Value="iscbase/ISCJNI.pas"/>
        <IsPartOfProject Value="True"/>
      </Unit31>
      <Unit32>
        <Filename Value="iscbase/iscdl.pas"/>
        <IsPartOfProject Value="True"/>
        <UnitName Value="ISCDL"/>
      </Unit32>
      <Unit33>
        <Filename Value="iscbase/iscjvm.pas"/>
        <IsPartOfProject Value="True"/>
        <UnitName Value="ISCJVM"/>
      </Unit33>
    </Units>
  </ProjectOptions>
  <CompilerOptions>
    <Version Value="11"/>
    <Target>
      <Filename Value="base"/>
    </Target>
    <SearchPaths>
      <IncludeFiles Value="$(ProjOutDir)"/>
      <OtherUnitFiles Value="iscbase;/Applications/Lazarus/components/lazutils/lib/x86_64-darwin/;/Applications/Lazarus/packager/units/x86_64-darwin/;/usr/lib/lazarus/components/lazutils/lib/x86_64-linux/;/usr/lib/lazarus/packager/units/x86_64-linux/;iscbase/database/dbc;iscbase/database/core;iscbase/database/component;iscbase/database/parsesql;iscbase/database/plain;iscbase/network;iscbase/script;iscbase/coroutine;iscbase/websocket;test"/>
      <UnitOutputDirectory Value="lib/$(TargetCPU)-$(TargetOS)"/>
    </SearchPaths>
    <Linking>
      <Debugging>
        <DebugInfoType Value="dsDwarf2Set"/>
        <UseHeaptrc Value="True"/>
      </Debugging>
    </Linking>
    <Other>
      <CompilerMessages>
        <IgnoredMessages idx6058="True" idx3124="True" idx3123="True"/>
      </CompilerMessages>
    </Other>
  </CompilerOptions>
  <Debugging>
    <Exceptions Count="3">
      <Item1>
        <Name Value="EAbort"/>
      </Item1>
      <Item2>
        <Name Value="ECodetoolError"/>
      </Item2>
      <Item3>
        <Name Value="EFOpenError"/>
      </Item3>
    </Exceptions>
  </Debugging>
</CONFIG>
